
Microsoft Visual Studio Solution File, Format Version 12.00
# Visual Studio Version 17
VisualStudioVersion = 17.1.32421.90
MinimumVisualStudioVersion = 10.0.40219.1
Project("{FAE04EC0-301F-11D3-BF4B-00C04F79EFBC}") = "MonitorTest", "MonitorTest\MonitorTest.csproj", "{8BDB32D3-5C2C-4141-8A51-5525F6336BE5}"
EndProject
Global
	GlobalSection(SolutionConfigurationPlatforms) = preSolution
		Debug|Any CPU = Debug|Any CPU
		Release|Any CPU = Release|Any CPU
	EndGlobalSection
	GlobalSection(ProjectConfigurationPlatforms) = postSolution
		{8BDB32D3-5C2C-4141-8A51-5525F6336BE5}.Debug|Any CPU.ActiveCfg = Debug|Any CPU
		{8BDB32D3-5C2C-4141-8A51-5525F6336BE5}.Debug|Any CPU.Build.0 = Debug|Any CPU
		{8BDB32D3-5C2C-4141-8A51-5525F6336BE5}.Release|Any CPU.ActiveCfg = Release|Any CPU
		{8BDB32D3-5C2C-4141-8A51-5525F6336BE5}.Release|Any CPU.Build.0 = Release|Any CPU
	EndGlobalSection
	GlobalSection(SolutionProperties) = preSolution
		HideSolutionNode = FALSE
	EndGlobalSection
	GlobalSection(ExtensibilityGlobals) = postSolution
		SolutionGuid = {1B9FFA75-10BC-4EC3-ACF3-6CC792FAB093}
	EndGlobalSection
EndGlobal
